{
  "nodes": {
    "nixpkgs": {
      "locked": {
        "lastModified": 1685865905,
        "narHash": "sha256-XJZ/o17eOd2sEsGif+/MQBnfa2DKmndWgJyc7CWajFc=",
        "owner": "NixOS",
        "repo": "nixpkgs",
        "rev": "e7603eba51f2c7820c0a182c6bbb351181caa8e7",
        "type": "github"
      },
      "original": {
        "owner": "NixOS",
        "ref": "nixos-23.05-small",
        "repo": "nixpkgs",
        "type": "github"
      }
    },
    "ride": {
      "flake": false,
      "locked": {
        "lastModified": 1684338347,
        "narHash": "sha256-j3flZ1sKsYRkJ79yxmR4NKcOSf66bHsCXiupKhUAFcQ=",
        "owner": "Dyalog",
        "repo": "ride",
        "rev": "246649aad81daadfa8ac7e0af7c0206e49b4e337",
        "type": "github"
      },
      "original": {
        "owner": "Dyalog",
        "repo": "ride",
        "type": "github"
      }
    },
    "root": {
      "inputs": {
        "nixpkgs": "nixpkgs",
        "ride": "ride"
      }
    }
  },
  "root": "root",
  "version": 7
}
